
Microsoft Visual Studio Solution File, Format Version 12.00
# Visual Studio Version 16
VisualStudioVersion = 16.0.30104.148
MinimumVisualStudioVersion = 10.0.40219.1
Project("{FAE04EC0-301F-11D3-BF4B-00C04F79EFBC}") = "StudentAPIV2", "StudentAPIV2\StudentAPIV2.csproj", "{DA26E7A9-DA08-4EA5-869D-1D3B356929D3}"
EndProject
Global
	GlobalSection(SolutionConfigurationPlatforms) = preSolution
		Debug|Any CPU = Debug|Any CPU
		Release|Any CPU = Release|Any CPU
	EndGlobalSection
	GlobalSection(ProjectConfigurationPlatforms) = postSolution
		{DA26E7A9-DA08-4EA5-869D-1D3B356929D3}.Debug|Any CPU.ActiveCfg = Debug|Any CPU
		{DA26E7A9-DA08-4EA5-869D-1D3B356929D3}.Debug|Any CPU.Build.0 = Debug|Any CPU
		{DA26E7A9-DA08-4EA5-869D-1D3B356929D3}.Release|Any CPU.ActiveCfg = Release|Any CPU
		{DA26E7A9-DA08-4EA5-869D-1D3B356929D3}.Release|Any CPU.Build.0 = Release|Any CPU
	EndGlobalSection
	GlobalSection(SolutionProperties) = preSolution
		HideSolutionNode = FALSE
	EndGlobalSection
	GlobalSection(ExtensibilityGlobals) = postSolution
		SolutionGuid = {F0720355-1A5B-4EE4-A875-B261E18B1205}
	EndGlobalSection
EndGlobal
